
Microsoft Visual Studio Solution File, Format Version 12.00
# Visual Studio Version 17
VisualStudioVersion = 17.0.32112.339
MinimumVisualStudioVersion = 10.0.40219.1
Project("{FAE04EC0-301F-11D3-BF4B-00C04F79EFBC}") = "Tech Assignment 2 - Basic Console App", "Tech Assignment 2 - Basic Console App.csproj", "{69D0F857-2A38-45B1-8EDE-A356A0706865}"
EndProject
Global
	GlobalSection(SolutionConfigurationPlatforms) = preSolution
		Debug|Any CPU = Debug|Any CPU
		Release|Any CPU = Release|Any CPU
	EndGlobalSection
	GlobalSection(ProjectConfigurationPlatforms) = postSolution
		{69D0F857-2A38-45B1-8EDE-A356A0706865}.Debug|Any CPU.ActiveCfg = Debug|Any CPU
		{69D0F857-2A38-45B1-8EDE-A356A0706865}.Debug|Any CPU.Build.0 = Debug|Any CPU
		{69D0F857-2A38-45B1-8EDE-A356A0706865}.Release|Any CPU.ActiveCfg = Release|Any CPU
		{69D0F857-2A38-45B1-8EDE-A356A0706865}.Release|Any CPU.Build.0 = Release|Any CPU
	EndGlobalSection
	GlobalSection(SolutionProperties) = preSolution
		HideSolutionNode = FALSE
	EndGlobalSection
	GlobalSection(ExtensibilityGlobals) = postSolution
		SolutionGuid = {D709E977-B716-4A5B-A0D6-98CA4D9700F8}
	EndGlobalSection
EndGlobal
